
Microsoft Visual Studio Solution File, Format Version 12.00
# Visual Studio Version 17
VisualStudioVersion = 17.3.32929.385
MinimumVisualStudioVersion = 10.0.40219.1
Project("{FAE04EC0-301F-11D3-BF4B-00C04F79EFBC}") = "DemoConversion", "DemoConversion\DemoConversion.csproj", "{25933A62-2EE2-4D7C-9278-DA60BC2C2610}"
EndProject
Project("{2150E333-8FDC-42A3-9474-1A3956D46DE8}") = "Solution Items", "Solution Items", "{429A25B9-5359-4CB4-AA53-4C4924828F9D}"
	ProjectSection(SolutionItems) = preProject
		.github\workflows\dotnet.yml = .github\workflows\dotnet.yml
	EndProjectSection
EndProject
Global
	GlobalSection(SolutionConfigurationPlatforms) = preSolution
		Debug|Any CPU = Debug|Any CPU
		Release|Any CPU = Release|Any CPU
	EndGlobalSection
	GlobalSection(ProjectConfigurationPlatforms) = postSolution
		{25933A62-2EE2-4D7C-9278-DA60BC2C2610}.Debug|Any CPU.ActiveCfg = Debug|Any CPU
		{25933A62-2EE2-4D7C-9278-DA60BC2C2610}.Debug|Any CPU.Build.0 = Debug|Any CPU
		{25933A62-2EE2-4D7C-9278-DA60BC2C2610}.Release|Any CPU.ActiveCfg = Release|Any CPU
		{25933A62-2EE2-4D7C-9278-DA60BC2C2610}.Release|Any CPU.Build.0 = Release|Any CPU
	EndGlobalSection
	GlobalSection(SolutionProperties) = preSolution
		HideSolutionNode = FALSE
	EndGlobalSection
	GlobalSection(ExtensibilityGlobals) = postSolution
		SolutionGuid = {F08FA11A-EB5D-4D4F-B5DE-958EE0F35609}
	EndGlobalSection
EndGlobal
